
Microsoft Visual Studio Solution File, Format Version 12.00
# Visual Studio Version 17
VisualStudioVersion = 17.7.34024.191
MinimumVisualStudioVersion = 10.0.40219.1
Project("{FAE04EC0-301F-11D3-BF4B-00C04F79EFBC}") = "NewsletterAPI", "NewsletterAPI\NewsletterAPI.csproj", "{2F45E404-469D-42D8-A9B1-609ABC4B5641}"
EndProject
Global
	GlobalSection(SolutionConfigurationPlatforms) = preSolution
		Debug|Any CPU = Debug|Any CPU
		Release|Any CPU = Release|Any CPU
	EndGlobalSection
	GlobalSection(ProjectConfigurationPlatforms) = postSolution
		{2F45E404-469D-42D8-A9B1-609ABC4B5641}.Debug|Any CPU.ActiveCfg = Debug|Any CPU
		{2F45E404-469D-42D8-A9B1-609ABC4B5641}.Debug|Any CPU.Build.0 = Debug|Any CPU
		{2F45E404-469D-42D8-A9B1-609ABC4B5641}.Release|Any CPU.ActiveCfg = Release|Any CPU
		{2F45E404-469D-42D8-A9B1-609ABC4B5641}.Release|Any CPU.Build.0 = Release|Any CPU
	EndGlobalSection
	GlobalSection(SolutionProperties) = preSolution
		HideSolutionNode = FALSE
	EndGlobalSection
	GlobalSection(ExtensibilityGlobals) = postSolution
		SolutionGuid = {74029E55-ED5E-43A7-A66D-A06D7FC6C808}
	EndGlobalSection
EndGlobal
